
Microsoft Visual Studio Solution File, Format Version 12.00
# Visual Studio Version 17
VisualStudioVersion = 17.6.33829.357
MinimumVisualStudioVersion = 10.0.40219.1
Project("{FAE04EC0-301F-11D3-BF4B-00C04F79EFBC}") = "AbstractClasses_erik", "AbstractClasses_erik\AbstractClasses_erik.csproj", "{853AE6C8-181B-45D7-AB09-638CBD652B34}"
EndProject
Global
	GlobalSection(SolutionConfigurationPlatforms) = preSolution
		Debug|Any CPU = Debug|Any CPU
		Release|Any CPU = Release|Any CPU
	EndGlobalSection
	GlobalSection(ProjectConfigurationPlatforms) = postSolution
		{853AE6C8-181B-45D7-AB09-638CBD652B34}.Debug|Any CPU.ActiveCfg = Debug|Any CPU
		{853AE6C8-181B-45D7-AB09-638CBD652B34}.Debug|Any CPU.Build.0 = Debug|Any CPU
		{853AE6C8-181B-45D7-AB09-638CBD652B34}.Release|Any CPU.ActiveCfg = Release|Any CPU
		{853AE6C8-181B-45D7-AB09-638CBD652B34}.Release|Any CPU.Build.0 = Release|Any CPU
	EndGlobalSection
	GlobalSection(SolutionProperties) = preSolution
		HideSolutionNode = FALSE
	EndGlobalSection
	GlobalSection(ExtensibilityGlobals) = postSolution
		SolutionGuid = {DDF79295-9E1B-47A7-AD25-5E0D8B447B02}
	EndGlobalSection
EndGlobal
